<Solution>
  <Folder Name="/src/">
    <Project Path="src/WoWStreamOverlay.CombatLog/WoWStreamOverlay.CombatLog.csproj" />
    <Project Path="src/WoWStreamOverlay/WoWStreamOverlay.csproj" />
  </Folder>
  <Folder Name="/tests/">
    <Project Path="tests/WoWStreamOverlay.CombatLog.Tests/WoWStreamOverlay.CombatLog.Tests.csproj" />
    <Project Path="tests/WoWStreamOverlay.Tests/WoWStreamOverlay.Tests.csproj" />
  </Folder>
</Solution>
